
Microsoft Visual Studio Solution File, Format Version 12.00
# Visual Studio Version 17
VisualStudioVersion = 17.6.33815.320
MinimumVisualStudioVersion = 10.0.40219.1
Project("{FAE04EC0-301F-11D3-BF4B-00C04F79EFBC}") = "Ex10", "Ex10\Ex10.csproj", "{303777B7-0C64-48F2-A50B-D12130D23162}"
EndProject
Global
	GlobalSection(SolutionConfigurationPlatforms) = preSolution
		Debug|Any CPU = Debug|Any CPU
		Release|Any CPU = Release|Any CPU
	EndGlobalSection
	GlobalSection(ProjectConfigurationPlatforms) = postSolution
		{303777B7-0C64-48F2-A50B-D12130D23162}.Debug|Any CPU.ActiveCfg = Debug|Any CPU
		{303777B7-0C64-48F2-A50B-D12130D23162}.Debug|Any CPU.Build.0 = Debug|Any CPU
		{303777B7-0C64-48F2-A50B-D12130D23162}.Release|Any CPU.ActiveCfg = Release|Any CPU
		{303777B7-0C64-48F2-A50B-D12130D23162}.Release|Any CPU.Build.0 = Release|Any CPU
	EndGlobalSection
	GlobalSection(SolutionProperties) = preSolution
		HideSolutionNode = FALSE
	EndGlobalSection
	GlobalSection(ExtensibilityGlobals) = postSolution
		SolutionGuid = {76CE5C02-E130-4A4A-A014-84194A04B445}
	EndGlobalSection
EndGlobal
