
Microsoft Visual Studio Solution File, Format Version 12.00
# Visual Studio Version 17
VisualStudioVersion = 17.6.33815.320
MinimumVisualStudioVersion = 10.0.40219.1
Project("{FAE04EC0-301F-11D3-BF4B-00C04F79EFBC}") = "m5", "m5\m5.csproj", "{6EE9DA43-7D4D-4E6D-B429-FC1579F501F8}"
EndProject
Project("{FAE04EC0-301F-11D3-BF4B-00C04F79EFBC}") = "ConsoleApp1", "ConsoleApp1\ConsoleApp1.csproj", "{971AA47F-C465-4BD6-8CD9-7ED42E6BFEDD}"
EndProject
Global
	GlobalSection(SolutionConfigurationPlatforms) = preSolution
		Debug|Any CPU = Debug|Any CPU
		Release|Any CPU = Release|Any CPU
	EndGlobalSection
	GlobalSection(ProjectConfigurationPlatforms) = postSolution
		{6EE9DA43-7D4D-4E6D-B429-FC1579F501F8}.Debug|Any CPU.ActiveCfg = Debug|Any CPU
		{6EE9DA43-7D4D-4E6D-B429-FC1579F501F8}.Debug|Any CPU.Build.0 = Debug|Any CPU
		{6EE9DA43-7D4D-4E6D-B429-FC1579F501F8}.Release|Any CPU.ActiveCfg = Release|Any CPU
		{6EE9DA43-7D4D-4E6D-B429-FC1579F501F8}.Release|Any CPU.Build.0 = Release|Any CPU
		{971AA47F-C465-4BD6-8CD9-7ED42E6BFEDD}.Debug|Any CPU.ActiveCfg = Debug|Any CPU
		{971AA47F-C465-4BD6-8CD9-7ED42E6BFEDD}.Debug|Any CPU.Build.0 = Debug|Any CPU
		{971AA47F-C465-4BD6-8CD9-7ED42E6BFEDD}.Release|Any CPU.ActiveCfg = Release|Any CPU
		{971AA47F-C465-4BD6-8CD9-7ED42E6BFEDD}.Release|Any CPU.Build.0 = Release|Any CPU
	EndGlobalSection
	GlobalSection(SolutionProperties) = preSolution
		HideSolutionNode = FALSE
	EndGlobalSection
	GlobalSection(ExtensibilityGlobals) = postSolution
		SolutionGuid = {FF2F7127-942F-4275-8601-19EB3D4878F5}
	EndGlobalSection
EndGlobal
