
Microsoft Visual Studio Solution File, Format Version 12.00
# Visual Studio Version 17
VisualStudioVersion = 17.6.33815.320
MinimumVisualStudioVersion = 10.0.40219.1
Project("{9A19103F-16F7-4668-BE54-9A1E7A4F7556}") = "Refactory", "Refactory\Refactory.csproj", "{7EF729B3-A48B-421B-83B7-2FE89A5CB31D}"
EndProject
Project("{FAE04EC0-301F-11D3-BF4B-00C04F79EFBC}") = "RefactoryTEst", "RefactoryTEst\RefactoryTEst.csproj", "{147A28CE-F13D-4538-8EE4-A406A1C1B69B}"
EndProject
Global
	GlobalSection(SolutionConfigurationPlatforms) = preSolution
		Debug|Any CPU = Debug|Any CPU
		Release|Any CPU = Release|Any CPU
	EndGlobalSection
	GlobalSection(ProjectConfigurationPlatforms) = postSolution
		{7EF729B3-A48B-421B-83B7-2FE89A5CB31D}.Debug|Any CPU.ActiveCfg = Debug|Any CPU
		{7EF729B3-A48B-421B-83B7-2FE89A5CB31D}.Debug|Any CPU.Build.0 = Debug|Any CPU
		{7EF729B3-A48B-421B-83B7-2FE89A5CB31D}.Release|Any CPU.ActiveCfg = Release|Any CPU
		{7EF729B3-A48B-421B-83B7-2FE89A5CB31D}.Release|Any CPU.Build.0 = Release|Any CPU
		{147A28CE-F13D-4538-8EE4-A406A1C1B69B}.Debug|Any CPU.ActiveCfg = Debug|Any CPU
		{147A28CE-F13D-4538-8EE4-A406A1C1B69B}.Debug|Any CPU.Build.0 = Debug|Any CPU
		{147A28CE-F13D-4538-8EE4-A406A1C1B69B}.Release|Any CPU.ActiveCfg = Release|Any CPU
		{147A28CE-F13D-4538-8EE4-A406A1C1B69B}.Release|Any CPU.Build.0 = Release|Any CPU
	EndGlobalSection
	GlobalSection(SolutionProperties) = preSolution
		HideSolutionNode = FALSE
	EndGlobalSection
	GlobalSection(ExtensibilityGlobals) = postSolution
		SolutionGuid = {1B9C47A4-D087-4DD5-A33B-59BE4BAD4F61}
	EndGlobalSection
EndGlobal
